
Microsoft Visual Studio Solution File, Format Version 12.00
# Visual Studio Version 16
VisualStudioVersion = 16.0.31129.286
MinimumVisualStudioVersion = 10.0.40219.1
Project("{2150E333-8FDC-42A3-9474-1A3956D46DE8}") = "Services", "Services", "{8E31678D-D206-4406-9813-750D0E3947FA}"
EndProject
Project("{2150E333-8FDC-42A3-9474-1A3956D46DE8}") = "WebApps", "WebApps", "{2E5DC6DD-2B35-4B7E-AA98-B1F92DAEBC45}"
EndProject
Project("{2150E333-8FDC-42A3-9474-1A3956D46DE8}") = "Cadastros", "Cadastros", "{908DB244-8B88-4622-B9CE-33DB8B9E4052}"
EndProject
Project("{2150E333-8FDC-42A3-9474-1A3956D46DE8}") = "Catalogo", "Catalogo", "{880253D9-888A-471F-9586-A970B5F91635}"
EndProject
Project("{2150E333-8FDC-42A3-9474-1A3956D46DE8}") = "Core", "Core", "{005D3541-0E6D-4774-956B-BD6996465F3A}"
EndProject
Project("{2150E333-8FDC-42A3-9474-1A3956D46DE8}") = "Fiscal", "Fiscal", "{9DB336C3-1CFC-4A28-A600-4FE21BF76FDA}"
EndProject
Project("{2150E333-8FDC-42A3-9474-1A3956D46DE8}") = "Pagamentos", "Pagamentos", "{537EE7E6-50EB-43F9-B063-9176B05001CE}"
EndProject
Project("{2150E333-8FDC-42A3-9474-1A3956D46DE8}") = "Vendas", "Vendas", "{A483C5A6-2609-405D-89A9-427B03943DE4}"
EndProject
Project("{9A19103F-16F7-4668-BE54-9A1E7A4F7556}") = "NerdStore.Catalogo.Domain", "src\NerdStore.Catalogo.Domain\NerdStore.Catalogo.Domain.csproj", "{97EEC360-E25E-4CB0-8C9E-E2D2B4B7E8D6}"
EndProject
Project("{9A19103F-16F7-4668-BE54-9A1E7A4F7556}") = "NerdStore.Core", "src\NerdStore.Core\NerdStore.Core.csproj", "{43100D49-7172-47BC-9087-BA058CFC3248}"
EndProject
Project("{2150E333-8FDC-42A3-9474-1A3956D46DE8}") = "Solution Items", "Solution Items", "{16BF69A6-46D4-4D3F-8638-52FC9A3D394A}"
	ProjectSection(SolutionItems) = preProject
		RM.txt = RM.txt
	EndProjectSection
EndProject
Project("{2150E333-8FDC-42A3-9474-1A3956D46DE8}") = "Tests", "Tests", "{0EA6717E-68C1-4DEF-AB50-B263D86BFE3B}"
EndProject
Project("{9A19103F-16F7-4668-BE54-9A1E7A4F7556}") = "NerdStore.Catalogo.Domain.Tests", "tests\NerdStore.Catalogo.Domain.Tests\NerdStore.Catalogo.Domain.Tests.csproj", "{EAD0E393-2B66-48AF-8787-A84834394558}"
EndProject
Project("{9A19103F-16F7-4668-BE54-9A1E7A4F7556}") = "NerdStore.Catalogo.Data", "src\NerdStore.Catalogo.Data\NerdStore.Catalogo.Data.csproj", "{754A564E-557B-4F90-A875-A91F070297BD}"
EndProject
Project("{9A19103F-16F7-4668-BE54-9A1E7A4F7556}") = "NerdStore.Catalogo.Application", "src\NerdStore.Catalogo.Application\NerdStore.Catalogo.Application.csproj", "{47847130-AB33-4AF0-8AC5-44E1F471B9AF}"
EndProject
Project("{9A19103F-16F7-4668-BE54-9A1E7A4F7556}") = "NerdStore.WebApp.MVC", "src\NerdStore.WebApp.MVC\NerdStore.WebApp.MVC.csproj", "{ADB5D5F8-2AEB-456F-8A5D-3F1FC8ABF6C6}"
EndProject
Project("{FAE04EC0-301F-11D3-BF4B-00C04F79EFBC}") = "NerdStore.Vendas.Domain", "src\NerdStore.Vendas.Domain\NerdStore.Vendas.Domain.csproj", "{9A767EE4-6860-45DE-A096-AF597F63A28B}"
EndProject
Project("{FAE04EC0-301F-11D3-BF4B-00C04F79EFBC}") = "Nerdstore.Vendas.Application", "src\Nerdstore.Vendas.Application\Nerdstore.Vendas.Application.csproj", "{79FCB326-3446-4CC0-AAC3-C520FE60E4D9}"
EndProject
Project("{FAE04EC0-301F-11D3-BF4B-00C04F79EFBC}") = "Nerdstore.Vendas.Data", "src\Nerdstore.Vendas.Data\Nerdstore.Vendas.Data.csproj", "{94DC2394-9A11-4D33-84EE-277A78784E51}"
EndProject
Global
	GlobalSection(SolutionConfigurationPlatforms) = preSolution
		Debug|Any CPU = Debug|Any CPU
		Release|Any CPU = Release|Any CPU
	EndGlobalSection
	GlobalSection(ProjectConfigurationPlatforms) = postSolution
		{97EEC360-E25E-4CB0-8C9E-E2D2B4B7E8D6}.Debug|Any CPU.ActiveCfg = Debug|Any CPU
		{97EEC360-E25E-4CB0-8C9E-E2D2B4B7E8D6}.Debug|Any CPU.Build.0 = Debug|Any CPU
		{97EEC360-E25E-4CB0-8C9E-E2D2B4B7E8D6}.Release|Any CPU.ActiveCfg = Release|Any CPU
		{97EEC360-E25E-4CB0-8C9E-E2D2B4B7E8D6}.Release|Any CPU.Build.0 = Release|Any CPU
		{43100D49-7172-47BC-9087-BA058CFC3248}.Debug|Any CPU.ActiveCfg = Debug|Any CPU
		{43100D49-7172-47BC-9087-BA058CFC3248}.Debug|Any CPU.Build.0 = Debug|Any CPU
		{43100D49-7172-47BC-9087-BA058CFC3248}.Release|Any CPU.ActiveCfg = Release|Any CPU
		{43100D49-7172-47BC-9087-BA058CFC3248}.Release|Any CPU.Build.0 = Release|Any CPU
		{EAD0E393-2B66-48AF-8787-A84834394558}.Debug|Any CPU.ActiveCfg = Debug|Any CPU
		{EAD0E393-2B66-48AF-8787-A84834394558}.Debug|Any CPU.Build.0 = Debug|Any CPU
		{EAD0E393-2B66-48AF-8787-A84834394558}.Release|Any CPU.ActiveCfg = Release|Any CPU
		{EAD0E393-2B66-48AF-8787-A84834394558}.Release|Any CPU.Build.0 = Release|Any CPU
		{754A564E-557B-4F90-A875-A91F070297BD}.Debug|Any CPU.ActiveCfg = Debug|Any CPU
		{754A564E-557B-4F90-A875-A91F070297BD}.Debug|Any CPU.Build.0 = Debug|Any CPU
		{754A564E-557B-4F90-A875-A91F070297BD}.Release|Any CPU.ActiveCfg = Release|Any CPU
		{754A564E-557B-4F90-A875-A91F070297BD}.Release|Any CPU.Build.0 = Release|Any CPU
		{47847130-AB33-4AF0-8AC5-44E1F471B9AF}.Debug|Any CPU.ActiveCfg = Debug|Any CPU
		{47847130-AB33-4AF0-8AC5-44E1F471B9AF}.Debug|Any CPU.Build.0 = Debug|Any CPU
		{47847130-AB33-4AF0-8AC5-44E1F471B9AF}.Release|Any CPU.ActiveCfg = Release|Any CPU
		{47847130-AB33-4AF0-8AC5-44E1F471B9AF}.Release|Any CPU.Build.0 = Release|Any CPU
		{ADB5D5F8-2AEB-456F-8A5D-3F1FC8ABF6C6}.Debug|Any CPU.ActiveCfg = Debug|Any CPU
		{ADB5D5F8-2AEB-456F-8A5D-3F1FC8ABF6C6}.Debug|Any CPU.Build.0 = Debug|Any CPU
		{ADB5D5F8-2AEB-456F-8A5D-3F1FC8ABF6C6}.Release|Any CPU.ActiveCfg = Release|Any CPU
		{ADB5D5F8-2AEB-456F-8A5D-3F1FC8ABF6C6}.Release|Any CPU.Build.0 = Release|Any CPU
		{9A767EE4-6860-45DE-A096-AF597F63A28B}.Debug|Any CPU.ActiveCfg = Debug|Any CPU
		{9A767EE4-6860-45DE-A096-AF597F63A28B}.Debug|Any CPU.Build.0 = Debug|Any CPU
		{9A767EE4-6860-45DE-A096-AF597F63A28B}.Release|Any CPU.ActiveCfg = Release|Any CPU
		{9A767EE4-6860-45DE-A096-AF597F63A28B}.Release|Any CPU.Build.0 = Release|Any CPU
		{79FCB326-3446-4CC0-AAC3-C520FE60E4D9}.Debug|Any CPU.ActiveCfg = Debug|Any CPU
		{79FCB326-3446-4CC0-AAC3-C520FE60E4D9}.Debug|Any CPU.Build.0 = Debug|Any CPU
		{79FCB326-3446-4CC0-AAC3-C520FE60E4D9}.Release|Any CPU.ActiveCfg = Release|Any CPU
		{79FCB326-3446-4CC0-AAC3-C520FE60E4D9}.Release|Any CPU.Build.0 = Release|Any CPU
		{94DC2394-9A11-4D33-84EE-277A78784E51}.Debug|Any CPU.ActiveCfg = Debug|Any CPU
		{94DC2394-9A11-4D33-84EE-277A78784E51}.Debug|Any CPU.Build.0 = Debug|Any CPU
		{94DC2394-9A11-4D33-84EE-277A78784E51}.Release|Any CPU.ActiveCfg = Release|Any CPU
		{94DC2394-9A11-4D33-84EE-277A78784E51}.Release|Any CPU.Build.0 = Release|Any CPU
	EndGlobalSection
	GlobalSection(SolutionProperties) = preSolution
		HideSolutionNode = FALSE
	EndGlobalSection
	GlobalSection(NestedProjects) = preSolution
		{908DB244-8B88-4622-B9CE-33DB8B9E4052} = {8E31678D-D206-4406-9813-750D0E3947FA}
		{880253D9-888A-471F-9586-A970B5F91635} = {8E31678D-D206-4406-9813-750D0E3947FA}
		{005D3541-0E6D-4774-956B-BD6996465F3A} = {8E31678D-D206-4406-9813-750D0E3947FA}
		{9DB336C3-1CFC-4A28-A600-4FE21BF76FDA} = {8E31678D-D206-4406-9813-750D0E3947FA}
		{537EE7E6-50EB-43F9-B063-9176B05001CE} = {8E31678D-D206-4406-9813-750D0E3947FA}
		{A483C5A6-2609-405D-89A9-427B03943DE4} = {8E31678D-D206-4406-9813-750D0E3947FA}
		{97EEC360-E25E-4CB0-8C9E-E2D2B4B7E8D6} = {880253D9-888A-471F-9586-A970B5F91635}
		{43100D49-7172-47BC-9087-BA058CFC3248} = {005D3541-0E6D-4774-956B-BD6996465F3A}
		{0EA6717E-68C1-4DEF-AB50-B263D86BFE3B} = {880253D9-888A-471F-9586-A970B5F91635}
		{EAD0E393-2B66-48AF-8787-A84834394558} = {0EA6717E-68C1-4DEF-AB50-B263D86BFE3B}
		{754A564E-557B-4F90-A875-A91F070297BD} = {880253D9-888A-471F-9586-A970B5F91635}
		{47847130-AB33-4AF0-8AC5-44E1F471B9AF} = {880253D9-888A-471F-9586-A970B5F91635}
		{ADB5D5F8-2AEB-456F-8A5D-3F1FC8ABF6C6} = {2E5DC6DD-2B35-4B7E-AA98-B1F92DAEBC45}
		{9A767EE4-6860-45DE-A096-AF597F63A28B} = {A483C5A6-2609-405D-89A9-427B03943DE4}
		{79FCB326-3446-4CC0-AAC3-C520FE60E4D9} = {A483C5A6-2609-405D-89A9-427B03943DE4}
		{94DC2394-9A11-4D33-84EE-277A78784E51} = {A483C5A6-2609-405D-89A9-427B03943DE4}
	EndGlobalSection
	GlobalSection(ExtensibilityGlobals) = postSolution
		SolutionGuid = {39525557-EC95-4639-95FB-7ADCC7CA8A0B}
	EndGlobalSection
EndGlobal
